
Microsoft Visual Studio Solution File, Format Version 12.00
# Visual Studio 14
VisualStudioVersion = 14.0.25420.1
MinimumVisualStudioVersion = 10.0.40219.1
Project("{2150E333-8FDC-42A3-9474-1A3956D46DE8}") = "src", "src", "{201D9114-1F16-431D-9894-A04F9B30936F}"
EndProject
Project("{2150E333-8FDC-42A3-9474-1A3956D46DE8}") = "Solution Items", "Solution Items", "{C4C3E609-C563-43B8-8948-3A2A10CD47A6}"
	ProjectSection(SolutionItems) = preProject
		global.json = global.json
	EndProjectSection
EndProject
Project("{8BB2217D-0F2D-49D1-97BC-3654ED321F3B}") = "ConestogaVideoGameStore", "src\ConestogaVideoGameStore\ConestogaVideoGameStore.xproj", "{5699C39A-5D26-438B-AADD-C2ECF3515AEA}"
EndProject
Global
	GlobalSection(SolutionConfigurationPlatforms) = preSolution
		Debug|Any CPU = Debug|Any CPU
		Release|Any CPU = Release|Any CPU
	EndGlobalSection
	GlobalSection(ProjectConfigurationPlatforms) = postSolution
		{5699C39A-5D26-438B-AADD-C2ECF3515AEA}.Debug|Any CPU.ActiveCfg = Debug|Any CPU
		{5699C39A-5D26-438B-AADD-C2ECF3515AEA}.Debug|Any CPU.Build.0 = Debug|Any CPU
		{5699C39A-5D26-438B-AADD-C2ECF3515AEA}.Release|Any CPU.ActiveCfg = Release|Any CPU
		{5699C39A-5D26-438B-AADD-C2ECF3515AEA}.Release|Any CPU.Build.0 = Release|Any CPU
	EndGlobalSection
	GlobalSection(SolutionProperties) = preSolution
		HideSolutionNode = FALSE
	EndGlobalSection
	GlobalSection(NestedProjects) = preSolution
		{5699C39A-5D26-438B-AADD-C2ECF3515AEA} = {201D9114-1F16-431D-9894-A04F9B30936F}
	EndGlobalSection
EndGlobal
